
Microsoft Visual Studio Solution File, Format Version 12.00
# Visual Studio 2015
Project("{FAE04EC0-301F-11D3-BF4B-00C04F79EFBC}") = "BlockBreakerAdvance.CSharp.Plugins", "BlockBreakerAdvance.CSharp.Plugins.csproj", "{1B9D0082-3A94-9BF2-22EC-74A1B4A9E2F0}"
EndProject
Project("{FAE04EC0-301F-11D3-BF4B-00C04F79EFBC}") = "BlockBreakerAdvance.CSharp", "BlockBreakerAdvance.CSharp.csproj", "{A0310407-AF14-35E7-CA7D-7663F5C9A687}"
EndProject
Project("{FAE04EC0-301F-11D3-BF4B-00C04F79EFBC}") = "BlockBreakerAdvance.CSharp.Editor", "BlockBreakerAdvance.CSharp.Editor.csproj", "{5671201C-66F1-9D9B-5DDB-0E7B00D620B9}"
EndProject
Global
	GlobalSection(SolutionConfigurationPlatforms) = preSolution
		Debug|Any CPU = Debug|Any CPU
		Release|Any CPU = Release|Any CPU
	EndGlobalSection
	GlobalSection(ProjectConfigurationPlatforms) = postSolution
		{1B9D0082-3A94-9BF2-22EC-74A1B4A9E2F0}.Debug|Any CPU.ActiveCfg = Debug|Any CPU
		{1B9D0082-3A94-9BF2-22EC-74A1B4A9E2F0}.Debug|Any CPU.Build.0 = Debug|Any CPU
		{1B9D0082-3A94-9BF2-22EC-74A1B4A9E2F0}.Release|Any CPU.ActiveCfg = Release|Any CPU
		{1B9D0082-3A94-9BF2-22EC-74A1B4A9E2F0}.Release|Any CPU.Build.0 = Release|Any CPU
		{A0310407-AF14-35E7-CA7D-7663F5C9A687}.Debug|Any CPU.ActiveCfg = Debug|Any CPU
		{A0310407-AF14-35E7-CA7D-7663F5C9A687}.Debug|Any CPU.Build.0 = Debug|Any CPU
		{A0310407-AF14-35E7-CA7D-7663F5C9A687}.Release|Any CPU.ActiveCfg = Release|Any CPU
		{A0310407-AF14-35E7-CA7D-7663F5C9A687}.Release|Any CPU.Build.0 = Release|Any CPU
		{5671201C-66F1-9D9B-5DDB-0E7B00D620B9}.Debug|Any CPU.ActiveCfg = Debug|Any CPU
		{5671201C-66F1-9D9B-5DDB-0E7B00D620B9}.Debug|Any CPU.Build.0 = Debug|Any CPU
		{5671201C-66F1-9D9B-5DDB-0E7B00D620B9}.Release|Any CPU.ActiveCfg = Release|Any CPU
		{5671201C-66F1-9D9B-5DDB-0E7B00D620B9}.Release|Any CPU.Build.0 = Release|Any CPU
	EndGlobalSection
	GlobalSection(SolutionProperties) = preSolution
		HideSolutionNode = FALSE
	EndGlobalSection
EndGlobal
